// !$*UTF8*$!
{
	archiveVersion = 1;
	classes = {
	};
	objectVersion = 50;
	objects = {

/* Begin PBXBuildFile section */
		F829280422C0E78F0077CD00 /* LitenLogger.framework in Frameworks */ = {isa = PBXBuildFile; fileRef = F82927FA22C0E78F0077CD00 /* LitenLogger.framework */; };
		F829280922C0E78F0077CD00 /* LitenLoggerTests.swift in Sources */ = {isa = PBXBuildFile; fileRef = F829280822C0E78F0077CD00 /* LitenLoggerTests.swift */; };
		F829280B22C0E78F0077CD00 /* LitenLogger.h in Headers */ = {isa = PBXBuildFile; fileRef = F82927FD22C0E78F0077CD00 /* LitenLogger.h */; settings = {ATTRIBUTES = (Public, ); }; };
		F829281A22C111870077CD00 /* LitenLogger.swift in Sources */ = {isa = PBXBuildFile; fileRef = F829281922C111870077CD00 /* LitenLogger.swift */; };
/* End PBXBuildFile section */

/* Begin PBXContainerItemProxy section */
		F829280522C0E78F0077CD00 /* PBXContainerItemProxy */ = {
			isa = PBXContainerItemProxy;
			containerPortal = F82927F122C0E78F0077CD00 /* Project object */;
			proxyType = 1;
			remoteGlobalIDString = F82927F922C0E78F0077CD00;
			remoteInfo = LitenLogger;
		};
/* End PBXContainerItemProxy section */

/* Begin PBXFileReference section */
		F82927FA22C0E78F0077CD00 /* LitenLogger.framework */ = {isa = PBXFileReference; explicitFileType = wrapper.framework; includeInIndex = 0; path = LitenLogger.framework; sourceTree = BUILT_PRODUCTS_DIR; };
		F82927FD22C0E78F0077CD00 /* LitenLogger.h */ = {isa = PBXFileReference; lastKnownFileType = sourcecode.c.h; path = LitenLogger.h; sourceTree = "<group>"; };
		F82927FE22C0E78F0077CD00 /* Info.plist */ = {isa = PBXFileReference; lastKnownFileType = text.plist.xml; path = Info.plist; sourceTree = "<group>"; };
		F829280322C0E78F0077CD00 /* LitenLoggerTests.xctest */ = {isa = PBXFileReference; explicitFileType = wrapper.cfbundle; includeInIndex = 0; path = LitenLoggerTests.xctest; sourceTree = BUILT_PRODUCTS_DIR; };
		F829280822C0E78F0077CD00 /* LitenLoggerTests.swift */ = {isa = PBXFileReference; lastKnownFileType = sourcecode.swift; path = LitenLoggerTests.swift; sourceTree = "<group>"; };
		F829280A22C0E78F0077CD00 /* Info.plist */ = {isa = PBXFileReference; lastKnownFileType = text.plist.xml; path = Info.plist; sourceTree = "<group>"; };
		F829281922C111870077CD00 /* LitenLogger.swift */ = {isa = PBXFileReference; fileEncoding = 4; lastKnownFileType = sourcecode.swift; path = LitenLogger.swift; sourceTree = "<group>"; };
/* End PBXFileReference section */

/* Begin PBXFrameworksBuildPhase section */
		F82927F722C0E78F0077CD00 /* Frameworks */ = {
			isa = PBXFrameworksBuildPhase;
			buildActionMask = 2147483647;
			files = (
			);
			runOnlyForDeploymentPostprocessing = 0;
		};
		F829280022C0E78F0077CD00 /* Frameworks */ = {
			isa = PBXFrameworksBuildPhase;
			buildActionMask = 2147483647;
			files = (
				F829280422C0E78F0077CD00 /* LitenLogger.framework in Frameworks */,
			);
			runOnlyForDeploymentPostprocessing = 0;
		};
/* End PBXFrameworksBuildPhase section */

/* Begin PBXGroup section */
		F82927F022C0E78F0077CD00 = {
			isa = PBXGroup;
			children = (
				F82927FC22C0E78F0077CD00 /* LitenLogger */,
				F829280722C0E78F0077CD00 /* LitenLoggerTests */,
				F82927FB22C0E78F0077CD00 /* Products */,
			);
			sourceTree = "<group>";
		};
		F82927FB22C0E78F0077CD00 /* Products */ = {
			isa = PBXGroup;
			children = (
				F82927FA22C0E78F0077CD00 /* LitenLogger.framework */,
				F829280322C0E78F0077CD00 /* LitenLoggerTests.xctest */,
			);
			name = Products;
			sourceTree = "<group>";
		};
		F82927FC22C0E78F0077CD00 /* LitenLogger */ = {
			isa = PBXGroup;
			children = (
				F829281422C0E9B10077CD00 /* Source */,
				F82927FD22C0E78F0077CD00 /* LitenLogger.h */,
				F82927FE22C0E78F0077CD00 /* Info.plist */,
			);
			path = LitenLogger;
			sourceTree = "<group>";
		};
		F829280722C0E78F0077CD00 /* LitenLoggerTests */ = {
			isa = PBXGroup;
			children = (
				F829280822C0E78F0077CD00 /* LitenLoggerTests.swift */,
				F829280A22C0E78F0077CD00 /* Info.plist */,
			);
			path = LitenLoggerTests;
			sourceTree = "<group>";
		};
		F829281422C0E9B10077CD00 /* Source */ = {
			isa = PBXGroup;
			children = (
				F829281822C111870077CD00 /* LitenLogger */,
			);
			path = Source;
			sourceTree = "<group>";
		};
		F829281822C111870077CD00 /* LitenLogger */ = {
			isa = PBXGroup;
			children = (
				F829281922C111870077CD00 /* LitenLogger.swift */,
			);
			name = LitenLogger;
			path = ../../../LitenLogger;
			sourceTree = "<group>";
		};
/* End PBXGroup section */

/* Begin PBXHeadersBuildPhase section */
		F82927F522C0E78F0077CD00 /* Headers */ = {
			isa = PBXHeadersBuildPhase;
			buildActionMask = 2147483647;
			files = (
				F829280B22C0E78F0077CD00 /* LitenLogger.h in Headers */,
			);
			runOnlyForDeploymentPostprocessing = 0;
		};
/* End PBXHeadersBuildPhase section */

/* Begin PBXNativeTarget section */
		F82927F922C0E78F0077CD00 /* LitenLogger */ = {
			isa = PBXNativeTarget;
			buildConfigurationList = F829280E22C0E78F0077CD00 /* Build configuration list for PBXNativeTarget "LitenLogger" */;
			buildPhases = (
				F82927F522C0E78F0077CD00 /* Headers */,
				F82927F622C0E78F0077CD00 /* Sources */,
				F82927F722C0E78F0077CD00 /* Frameworks */,
				F82927F822C0E78F0077CD00 /* Resources */,
			);
			buildRules = (
			);
			dependencies = (
			);
			name = LitenLogger;
			productName = LitenLogger;
			productReference = F82927FA22C0E78F0077CD00 /* LitenLogger.framework */;
			productType = "com.apple.product-type.framework";
		};
		F829280222C0E78F0077CD00 /* LitenLoggerTests */ = {
			isa = PBXNativeTarget;
			buildConfigurationList = F829281122C0E78F0077CD00 /* Build configuration list for PBXNativeTarget "LitenLoggerTests" */;
			buildPhases = (
				F82927FF22C0E78F0077CD00 /* Sources */,
				F829280022C0E78F0077CD00 /* Frameworks */,
				F829280122C0E78F0077CD00 /* Resources */,
			);
			buildRules = (
			);
			dependencies = (
				F829280622C0E78F0077CD00 /* PBXTargetDependency */,
			);
			name = LitenLoggerTests;
			productName = LitenLoggerTests;
			productReference = F829280322C0E78F0077CD00 /* LitenLoggerTests.xctest */;
			productType = "com.apple.product-type.bundle.unit-test";
		};
/* End PBXNativeTarget section */

/* Begin PBXProject section */
		F82927F122C0E78F0077CD00 /* Project object */ = {
			isa = PBXProject;
			attributes = {
				LastSwiftUpdateCheck = 1020;
				LastUpgradeCheck = 1020;
				ORGANIZATIONNAME = "Ajith R Nayak";
				TargetAttributes = {
					F82927F922C0E78F0077CD00 = {
						CreatedOnToolsVersion = 10.2.1;
						LastSwiftMigration = 1020;
					};
					F829280222C0E78F0077CD00 = {
						CreatedOnToolsVersion = 10.2.1;
					};
				};
			};
			buildConfigurationList = F82927F422C0E78F0077CD00 /* Build configuration list for PBXProject "LitenLogger" */;
			compatibilityVersion = "Xcode 9.3";
			developmentRegion = en;
			hasScannedForEncodings = 0;
			knownRegions = (
				en,
			);
			mainGroup = F82927F022C0E78F0077CD00;
			productRefGroup = F82927FB22C0E78F0077CD00 /* Products */;
			projectDirPath = "";
			projectRoot = "";
			targets = (
				F82927F922C0E78F0077CD00 /* LitenLogger */,
				F829280222C0E78F0077CD00 /* LitenLoggerTests */,
			);
		};
/* End PBXProject section */

/* Begin PBXResourcesBuildPhase section */
		F82927F822C0E78F0077CD00 /* Resources */ = {
			isa = PBXResourcesBuildPhase;
			buildActionMask = 2147483647;
			files = (
			);
			runOnlyForDeploymentPostprocessing = 0;
		};
		F829280122C0E78F0077CD00 /* Resources */ = {
			isa = PBXResourcesBuildPhase;
			buildActionMask = 2147483647;
			files = (
			);
			runOnlyForDeploymentPostprocessing = 0;
		};
/* End PBXResourcesBuildPhase section */

/* Begin PBXSourcesBuildPhase section */
		F82927F622C0E78F0077CD00 /* Sources */ = {
			isa = PBXSourcesBuildPhase;
			buildActionMask = 2147483647;
			files = (
				F829281A22C111870077CD00 /* LitenLogger.swift in Sources */,
			);
			runOnlyForDeploymentPostprocessing = 0;
		};
		F82927FF22C0E78F0077CD00 /* Sources */ = {
			isa = PBXSourcesBuildPhase;
			buildActionMask = 2147483647;
			files = (
				F829280922C0E78F0077CD00 /* LitenLoggerTests.swift in Sources */,
			);
			runOnlyForDeploymentPostprocessing = 0;
		};
/* End PBXSourcesBuildPhase section */

/* Begin PBXTargetDependency section */
		F829280622C0E78F0077CD00 /* PBXTargetDependency */ = {
			isa = PBXTargetDependency;
			target = F82927F922C0E78F0077CD00 /* LitenLogger */;
			targetProxy = F829280522C0E78F0077CD00 /* PBXContainerItemProxy */;
		};
/* End PBXTargetDependency section */

/* Begin XCBuildConfiguration section */
		F829280C22C0E78F0077CD00 /* Debug */ = {
			isa = XCBuildConfiguration;
			buildSettings = {
				ALWAYS_SEARCH_USER_PATHS = NO;
				CLANG_ANALYZER_NONNULL = YES;
				CLANG_ANALYZER_NUMBER_OBJECT_CONVERSION = YES_AGGRESSIVE;
				CLANG_CXX_LANGUAGE_STANDARD = "gnu++14";
				CLANG_CXX_LIBRARY = "libc++";
				CLANG_ENABLE_MODULES = YES;
				CLANG_ENABLE_OBJC_ARC = YES;
				CLANG_ENABLE_OBJC_WEAK = YES;
				CLANG_WARN_BLOCK_CAPTURE_AUTORELEASING = YES;
				CLANG_WARN_BOOL_CONVERSION = YES;
				CLANG_WARN_COMMA = YES;
				CLANG_WARN_CONSTANT_CONVERSION = YES;
				CLANG_WARN_DEPRECATED_OBJC_IMPLEMENTATIONS = YES;
				CLANG_WARN_DIRECT_OBJC_ISA_USAGE = YES_ERROR;
				CLANG_WARN_DOCUMENTATION_COMMENTS = YES;
				CLANG_WARN_EMPTY_BODY = YES;
				CLANG_WARN_ENUM_CONVERSION = YES;
				CLANG_WARN_INFINITE_RECURSION = YES;
				CLANG_WARN_INT_CONVERSION = YES;
				CLANG_WARN_NON_LITERAL_NULL_CONVERSION = YES;
				CLANG_WARN_OBJC_IMPLICIT_RETAIN_SELF = YES;
				CLANG_WARN_OBJC_LITERAL_CONVERSION = YES;
				CLANG_WARN_OBJC_ROOT_CLASS = YES_ERROR;
				CLANG_WARN_RANGE_LOOP_ANALYSIS = YES;
				CLANG_WARN_STRICT_PROTOTYPES = YES;
				CLANG_WARN_SUSPICIOUS_MOVE = YES;
				CLANG_WARN_UNGUARDED_AVAILABILITY = YES_AGGRESSIVE;
				CLANG_WARN_UNREACHABLE_CODE = YES;
				CLANG_WARN__DUPLICATE_METHOD_MATCH = YES;
				CODE_SIGN_IDENTITY = "iPhone Developer";
				COPY_PHASE_STRIP = NO;
				CURRENT_PROJECT_VERSION = 1;
				DEBUG_INFORMATION_FORMAT = dwarf;
				ENABLE_STRICT_OBJC_MSGSEND = YES;
				ENABLE_TESTABILITY = YES;
				GCC_C_LANGUAGE_STANDARD = gnu11;
				GCC_DYNAMIC_NO_PIC = NO;
				GCC_NO_COMMON_BLOCKS = YES;
				GCC_OPTIMIZATION_LEVEL = 0;
				GCC_PREPROCESSOR_DEFINITIONS = (
					"DEBUG=1",
					"$(inherited)",
				);
				GCC_WARN_64_TO_32_BIT_CONVERSION = YES;
				GCC_WARN_ABOUT_RETURN_TYPE = YES_ERROR;
				GCC_WARN_UNDECLARED_SELECTOR = YES;
				GCC_WARN_UNINITIALIZED_AUTOS = YES_AGGRESSIVE;
				GCC_WARN_UNUSED_FUNCTION = YES;
				GCC_WARN_UNUSED_VARIABLE = YES;
				IPHONEOS_DEPLOYMENT_TARGET = 12.2;
				MTL_ENABLE_DEBUG_INFO = INCLUDE_SOURCE;
				MTL_FAST_MATH = YES;
				ONLY_ACTIVE_ARCH = YES;
				SDKROOT = iphoneos;
				SWIFT_ACTIVE_COMPILATION_CONDITIONS = DEBUG;
				SWIFT_OPTIMIZATION_LEVEL = "-Onone";
				VERSIONING_SYSTEM = "apple-generic";
				VERSION_INFO_PREFIX = "";
			};
			name = Debug;
		};
		F829280D22C0E78F0077CD00 /* Release */ = {
			isa = XCBuildConfiguration;
			buildSettings = {
				ALWAYS_SEARCH_USER_PATHS = NO;
				CLANG_ANALYZER_NONNULL = YES;
				CLANG_ANALYZER_NUMBER_OBJECT_CONVERSION = YES_AGGRESSIVE;
				CLANG_CXX_LANGUAGE_STANDARD = "gnu++14";
				CLANG_CXX_LIBRARY = "libc++";
				CLANG_ENABLE_MODULES = YES;
				CLANG_ENABLE_OBJC_ARC = YES;
				CLANG_ENABLE_OBJC_WEAK = YES;
				CLANG_WARN_BLOCK_CAPTURE_AUTORELEASING = YES;
				CLANG_WARN_BOOL_CONVERSION = YES;
				CLANG_WARN_COMMA = YES;
				CLANG_WARN_CONSTANT_CONVERSION = YES;
				CLANG_WARN_DEPRECATED_OBJC_IMPLEMENTATIONS = YES;
				CLANG_WARN_DIRECT_OBJC_ISA_USAGE = YES_ERROR;
				CLANG_WARN_DOCUMENTATION_COMMENTS = YES;
				CLANG_WARN_EMPTY_BODY = YES;
				CLANG_WARN_ENUM_CONVERSION = YES;
				CLANG_WARN_INFINITE_RECURSION = YES;
				CLANG_WARN_INT_CONVERSION = YES;
				CLANG_WARN_NON_LITERAL_NULL_CONVERSION = YES;
				CLANG_WARN_OBJC_IMPLICIT_RETAIN_SELF = YES;
				CLANG_WARN_OBJC_LITERAL_CONVERSION = YES;
				CLANG_WARN_OBJC_ROOT_CLASS = YES_ERROR;
				CLANG_WARN_RANGE_LOOP_ANALYSIS = YES;
				CLANG_WARN_STRICT_PROTOTYPES = YES;
				CLANG_WARN_SUSPICIOUS_MOVE = YES;
				CLANG_WARN_UNGUARDED_AVAILABILITY = YES_AGGRESSIVE;
				CLANG_WARN_UNREACHABLE_CODE = YES;
				CLANG_WARN__DUPLICATE_METHOD_MATCH = YES;
				CODE_SIGN_IDENTITY = "iPhone Developer";
				COPY_PHASE_STRIP = NO;
				CURRENT_PROJECT_VERSION = 1;
				DEBUG_INFORMATION_FORMAT = "dwarf-with-dsym";
				ENABLE_NS_ASSERTIONS = NO;
				ENABLE_STRICT_OBJC_MSGSEND = YES;
				GCC_C_LANGUAGE_STANDARD = gnu11;
				GCC_NO_COMMON_BLOCKS = YES;
				GCC_WARN_64_TO_32_BIT_CONVERSION = YES;
				GCC_WARN_ABOUT_RETURN_TYPE = YES_ERROR;
				GCC_WARN_UNDECLARED_SELECTOR = YES;
				GCC_WARN_UNINITIALIZED_AUTOS = YES_AGGRESSIVE;
				GCC_WARN_UNUSED_FUNCTION = YES;
				GCC_WARN_UNUSED_VARIABLE = YES;
				IPHONEOS_DEPLOYMENT_TARGET = 12.2;
				MTL_ENABLE_DEBUG_INFO = NO;
				MTL_FAST_MATH = YES;
				SDKROOT = iphoneos;
				SWIFT_COMPILATION_MODE = wholemodule;
				SWIFT_OPTIMIZATION_LEVEL = "-O";
				VALIDATE_PRODUCT = YES;
				VERSIONING_SYSTEM = "apple-generic";
				VERSION_INFO_PREFIX = "";
			};
			name = Release;
		};
		F829280F22C0E78F0077CD00 /* Debug */ = {
			isa = XCBuildConfiguration;
			buildSettings = {
				CLANG_ENABLE_MODULES = YES;
				CODE_SIGN_IDENTITY = "";
				CODE_SIGN_STYLE = Automatic;
				DEFINES_MODULE = YES;
				DEVELOPMENT_TEAM = 2E235V8DA2;
				DYLIB_COMPATIBILITY_VERSION = 1;
				DYLIB_CURRENT_VERSION = 1;
				DYLIB_INSTALL_NAME_BASE = "@rpath";
				INFOPLIST_FILE = LitenLogger/Info.plist;
				INSTALL_PATH = "$(LOCAL_LIBRARY_DIR)/Frameworks";
				LD_RUNPATH_SEARCH_PATHS = (
					"$(inherited)",
					"@executable_path/Frameworks",
					"@loader_path/Frameworks",
				);
				PRODUCT_BUNDLE_IDENTIFIER = com.aithrnayak.LitenLogger;
				PRODUCT_NAME = "$(TARGET_NAME:c99extidentifier)";
				SKIP_INSTALL = YES;
				SWIFT_OPTIMIZATION_LEVEL = "-Onone";
				SWIFT_VERSION = 5.0;
				TARGETED_DEVICE_FAMILY = "1,2";
			};
			name = Debug;
		};
		F829281022C0E78F0077CD00 /* Release */ = {
			isa = XCBuildConfiguration;
			buildSettings = {
				CLANG_ENABLE_MODULES = YES;
				CODE_SIGN_IDENTITY = "";
				CODE_SIGN_STYLE = Automatic;
				DEFINES_MODULE = YES;
				DEVELOPMENT_TEAM = 2E235V8DA2;
				DYLIB_COMPATIBILITY_VERSION = 1;
				DYLIB_CURRENT_VERSION = 1;
				DYLIB_INSTALL_NAME_BASE = "@rpath";
				INFOPLIST_FILE = LitenLogger/Info.plist;
				INSTALL_PATH = "$(LOCAL_LIBRARY_DIR)/Frameworks";
				LD_RUNPATH_SEARCH_PATHS = (
					"$(inherited)",
					"@executable_path/Frameworks",
					"@loader_path/Frameworks",
				);
				PRODUCT_BUNDLE_IDENTIFIER = com.aithrnayak.LitenLogger;
				PRODUCT_NAME = "$(TARGET_NAME:c99extidentifier)";
				SKIP_INSTALL = YES;
				SWIFT_VERSION = 5.0;
				TARGETED_DEVICE_FAMILY = "1,2";
			};
			name = Release;
		};
		F829281222C0E78F0077CD00 /* Debug */ = {
			isa = XCBuildConfiguration;
			buildSettings = {
				ALWAYS_EMBED_SWIFT_STANDARD_LIBRARIES = YES;
				CODE_SIGN_STYLE = Automatic;
				DEVELOPMENT_TEAM = 2E235V8DA2;
				INFOPLIST_FILE = LitenLoggerTests/Info.plist;
				LD_RUNPATH_SEARCH_PATHS = (
					"$(inherited)",
					"@executable_path/Frameworks",
					"@loader_path/Frameworks",
				);
				PRODUCT_BUNDLE_IDENTIFIER = com.aithrnayak.LitenLoggerTests;
				PRODUCT_NAME = "$(TARGET_NAME)";
				SWIFT_VERSION = 5.0;
				TARGETED_DEVICE_FAMILY = "1,2";
			};
			name = Debug;
		};
		F829281322C0E78F0077CD00 /* Release */ = {
			isa = XCBuildConfiguration;
			buildSettings = {
				ALWAYS_EMBED_SWIFT_STANDARD_LIBRARIES = YES;
				CODE_SIGN_STYLE = Automatic;
				DEVELOPMENT_TEAM = 2E235V8DA2;
				INFOPLIST_FILE = LitenLoggerTests/Info.plist;
				LD_RUNPATH_SEARCH_PATHS = (
					"$(inherited)",
					"@executable_path/Frameworks",
					"@loader_path/Frameworks",
				);
				PRODUCT_BUNDLE_IDENTIFIER = com.aithrnayak.LitenLoggerTests;
				PRODUCT_NAME = "$(TARGET_NAME)";
				SWIFT_VERSION = 5.0;
				TARGETED_DEVICE_FAMILY = "1,2";
			};
			name = Release;
		};
/* End XCBuildConfiguration section */

/* Begin XCConfigurationList section */
		F82927F422C0E78F0077CD00 /* Build configuration list for PBXProject "LitenLogger" */ = {
			isa = XCConfigurationList;
			buildConfigurations = (
				F829280C22C0E78F0077CD00 /* Debug */,
				F829280D22C0E78F0077CD00 /* Release */,
			);
			defaultConfigurationIsVisible = 0;
			defaultConfigurationName = Release;
		};
		F829280E22C0E78F0077CD00 /* Build configuration list for PBXNativeTarget "LitenLogger" */ = {
			isa = XCConfigurationList;
			buildConfigurations = (
				F829280F22C0E78F0077CD00 /* Debug */,
				F829281022C0E78F0077CD00 /* Release */,
			);
			defaultConfigurationIsVisible = 0;
			defaultConfigurationName = Release;
		};
		F829281122C0E78F0077CD00 /* Build configuration list for PBXNativeTarget "LitenLoggerTests" */ = {
			isa = XCConfigurationList;
			buildConfigurations = (
				F829281222C0E78F0077CD00 /* Debug */,
				F829281322C0E78F0077CD00 /* Release */,
			);
			defaultConfigurationIsVisible = 0;
			defaultConfigurationName = Release;
		};
/* End XCConfigurationList section */
	};
	rootObject = F82927F122C0E78F0077CD00 /* Project object */;
}
